<?xml version="1.0" encoding="utf-8"?>
<Project ToolsVersion="4.0" xmlns="http://schemas.microsoft.com/developer/msbuild/2003">
  <ItemGroup>
    <Filter Include="Quelldateien">
      <UniqueIdentifier>{4FC737F1-C7A5-4376-A066-2A32D752A2FF}</UniqueIdentifier>
      <Extensions>cpp;c;cc;cxx;c++;cppm;ixx;def;odl;idl;hpj;bat;asm;asmx</Extensions>
    </Filter>
    <Filter Include="Headerdateien">
      <UniqueIdentifier>{93995380-89BD-4b04-88EB-625FBE52EBFB}</UniqueIdentifier>
      <Extensions>h;hh;hpp;hxx;h++;hm;inl;inc;ipp;xsd</Extensions>
    </Filter>
    <Filter Include="Ressourcendateien">
      <UniqueIdentifier>{67DA6AB6-F800-4c08-8B7A-83BB121AAD01}</UniqueIdentifier>
      <Extensions>rc;ico;cur;bmp;dlg;rc2;rct;bin;rgs;gif;jpg;jpeg;jpe;resx;tiff;tif;png;wav;mfcribbon-ms</Extensions>
    </Filter>
  </ItemGroup>
  <ItemGroup>
    <ClInclude Include="src\lua\lapi.h">
      <Filter>Headerdateien</Filter>
    </ClInclude>
    <ClInclude Include="src\lua\lauxlib.h">
      <Filter>Headerdateien</Filter>
    </ClInclude>
    <ClInclude Include="src\lua\lcode.h">
      <Filter>Headerdateien</Filter>
    </ClInclude>
    <ClInclude Include="src\lua\lctype.h">
      <Filter>Headerdateien</Filter>
    </ClInclude>
    <ClInclude Include="src\lua\ldebug.h">
      <Filter>Headerdateien</Filter>
    </ClInclude>
    <ClInclude Include="src\lua\ldo.h">
      <Filter>Headerdateien</Filter>
    </ClInclude>
    <ClInclude Include="src\lua\lfunc.h">
      <Filter>Headerdateien</Filter>
    </ClInclude>
    <ClInclude Include="src\lua\lgc.h">
      <Filter>Headerdateien</Filter>
    </ClInclude>
    <ClInclude Include="src\lua\ljumptab.h">
      <Filter>Headerdateien</Filter>
    </ClInclude>
    <ClInclude Include="src\lua\llex.h">
      <Filter>Headerdateien</Filter>
    </ClInclude>
    <ClInclude Include="src\lua\llimits.h">
      <Filter>Headerdateien</Filter>
    </ClInclude>
    <ClInclude Include="src\lua\lmem.h">
      <Filter>Headerdateien</Filter>
    </ClInclude>
    <ClInclude Include="src\lua\lobject.h">
      <Filter>Headerdateien</Filter>
    </ClInclude>
    <ClInclude Include="src\lua\lopcodes.h">
      <Filter>Headerdateien</Filter>
    </ClInclude>
    <ClInclude Include="src\lua\lopnames.h">
      <Filter>Headerdateien</Filter>
    </ClInclude>
    <ClInclude Include="src\lua\lparser.h">
      <Filter>Headerdateien</Filter>
    </ClInclude>
    <ClInclude Include="src\lua\lprefix.h">
      <Filter>Headerdateien</Filter>
    </ClInclude>
    <ClInclude Include="src\lua\lstate.h">
      <Filter>Headerdateien</Filter>
    </ClInclude>
    <ClInclude Include="src\lua\lstring.h">
      <Filter>Headerdateien</Filter>
    </ClInclude>
    <ClInclude Include="src\lua\ltable.h">
      <Filter>Headerdateien</Filter>
    </ClInclude>
    <ClInclude Include="src\lua\ltm.h">
      <Filter>Headerdateien</Filter>
    </ClInclude>
    <ClInclude Include="src\lua\lua.h">
      <Filter>Headerdateien</Filter>
    </ClInclude>
    <ClInclude Include="src\lua\lua.hpp">
      <Filter>Headerdateien</Filter>
    </ClInclude>
    <ClInclude Include="include\lua_wrapper.h">
      <Filter>Headerdateien</Filter>
    </ClInclude>
    <ClInclude Include="src\lua\luaconf.h">
      <Filter>Headerdateien</Filter>
    </ClInclude>
    <ClInclude Include="src\lua\lualib.h">
      <Filter>Headerdateien</Filter>
    </ClInclude>
    <ClInclude Include="src\lua\lundump.h">
      <Filter>Headerdateien</Filter>
    </ClInclude>
    <ClInclude Include="src\lua\lvm.h">
      <Filter>Headerdateien</Filter>
    </ClInclude>
    <ClInclude Include="src\lua\lzio.h">
      <Filter>Headerdateien</Filter>
    </ClInclude>
  </ItemGroup>
  <ItemGroup>
    <ClCompile Include="include\lua\lapi.c">
      <Filter>Quelldateien</Filter>
    </ClCompile>
    <ClCompile Include="include\lua\lauxlib.c">
      <Filter>Quelldateien</Filter>
    </ClCompile>
    <ClCompile Include="include\lua\lbaselib.c">
      <Filter>Quelldateien</Filter>
    </ClCompile>
    <ClCompile Include="include\lua\lcode.c">
      <Filter>Quelldateien</Filter>
    </ClCompile>
    <ClCompile Include="include\lua\lcorolib.c">
      <Filter>Quelldateien</Filter>
    </ClCompile>
    <ClCompile Include="include\lua\lctype.c">
      <Filter>Quelldateien</Filter>
    </ClCompile>
    <ClCompile Include="include\lua\ldblib.c">
      <Filter>Quelldateien</Filter>
    </ClCompile>
    <ClCompile Include="include\lua\ldebug.c">
      <Filter>Quelldateien</Filter>
    </ClCompile>
    <ClCompile Include="include\lua\ldo.c">
      <Filter>Quelldateien</Filter>
    </ClCompile>
    <ClCompile Include="include\lua\ldump.c">
      <Filter>Quelldateien</Filter>
    </ClCompile>
    <ClCompile Include="include\lua\lfunc.c">
      <Filter>Quelldateien</Filter>
    </ClCompile>
    <ClCompile Include="include\lua\lgc.c">
      <Filter>Quelldateien</Filter>
    </ClCompile>
    <ClCompile Include="include\lua\linit.c">
      <Filter>Quelldateien</Filter>
    </ClCompile>
    <ClCompile Include="include\lua\liolib.c">
      <Filter>Quelldateien</Filter>
    </ClCompile>
    <ClCompile Include="include\lua\llex.c">
      <Filter>Quelldateien</Filter>
    </ClCompile>
    <ClCompile Include="include\lua\lmathlib.c">
      <Filter>Quelldateien</Filter>
    </ClCompile>
    <ClCompile Include="include\lua\lmem.c">
      <Filter>Quelldateien</Filter>
    </ClCompile>
    <ClCompile Include="include\lua\loadlib.c">
      <Filter>Quelldateien</Filter>
    </ClCompile>
    <ClCompile Include="include\lua\lobject.c">
      <Filter>Quelldateien</Filter>
    </ClCompile>
    <ClCompile Include="include\lua\lopcodes.c">
      <Filter>Quelldateien</Filter>
    </ClCompile>
    <ClCompile Include="include\lua\loslib.c">
      <Filter>Quelldateien</Filter>
    </ClCompile>
    <ClCompile Include="include\lua\lparser.c">
      <Filter>Quelldateien</Filter>
    </ClCompile>
    <ClCompile Include="include\lua\lstate.c">
      <Filter>Quelldateien</Filter>
    </ClCompile>
    <ClCompile Include="include\lua\lstring.c">
      <Filter>Quelldateien</Filter>
    </ClCompile>
    <ClCompile Include="include\lua\lstrlib.c">
      <Filter>Quelldateien</Filter>
    </ClCompile>
    <ClCompile Include="include\lua\ltable.c">
      <Filter>Quelldateien</Filter>
    </ClCompile>
    <ClCompile Include="include\lua\ltablib.c">
      <Filter>Quelldateien</Filter>
    </ClCompile>
    <ClCompile Include="include\lua\ltm.c">
      <Filter>Quelldateien</Filter>
    </ClCompile>
    <ClCompile Include="include\lua\lundump.c">
      <Filter>Quelldateien</Filter>
    </ClCompile>
    <ClCompile Include="include\lua\lutf8lib.c">
      <Filter>Quelldateien</Filter>
    </ClCompile>
    <ClCompile Include="include\lua\lvm.c">
      <Filter>Quelldateien</Filter>
    </ClCompile>
    <ClCompile Include="include\lua\lzio.c">
      <Filter>Quelldateien</Filter>
    </ClCompile>
  </ItemGroup>
  <ItemGroup>
    <None Include="include\custom\custom_function_template.h">
      <Filter>Headerdateien</Filter>
    </None>
    <None Include="src\custom\custom_function_template.cpp">
      <Filter>Quelldateien</Filter>
    </None>
    <None Include="include\lua\lua.c">
      <Filter>Quelldateien</Filter>
    </None>
    <None Include="include\lua\luac.c">
      <Filter>Quelldateien</Filter>
    </None>
  </ItemGroup>
</Project>